# Generated by pub
# See https://dart.dev/tools/pub/glossary#lockfile
packages:
  args:
    dependency: "direct main"
    description:
      name: args
      sha256: d0481093c50b1da8910eb0bb301626d4d8eb7284aa739614d2b394ee09e3ea04
      url: "https://pub.dev"
    source: hosted
    version: "2.7.0"
  lints:
    dependency: "direct dev"
    description:
      name: lints
      sha256: "12f842a479589fea194fe5c5a3095abc7be0c1f2ddfa9a0e76aed1dbd26a87df"
      url: "https://pub.dev"
    source: hosted
    version: "6.1.0"
  proper_filesize:
    dependency: "direct main"
    description:
      name: proper_filesize
      sha256: "5426f6698aa6a189d5475bcf189020cf5a3661e3ff389bc46551e32b0279164e"
      url: "https://pub.dev"
    source: hosted
    version: "1.0.2"
  to_hex_string:
    dependency: "direct main"
    description:
      name: to_hex_string
      sha256: "94f1daa3f7de832f8436335449b9fd3a111049f3229e3f66845e55c1507c2a21"
      url: "https://pub.dev"
    source: hosted
    version: "1.0.1"
  xxh3:
    dependency: "direct main"
    description:
      name: xxh3
      sha256: "399a0438f5d426785723c99da6b16e136f4953fb1e9db0bf270bd41dd4619916"
      url: "https://pub.dev"
    source: hosted
    version: "1.2.0"
sdks:
  dart: ">=3.8.0 <4.0.0"
